
Microsoft Visual Studio Solution File, Format Version 12.00
# Visual Studio Version 17
VisualStudioVersion = 17.9.34728.123
MinimumVisualStudioVersion = 10.0.40219.1
Project("{FAE04EC0-301F-11D3-BF4B-00C04F79EFBC}") = "OnCuoiKy", "OnCuoiKy\OnCuoiKy.csproj", "{477A97E5-E4E3-4B8D-8006-B76EF54B1336}"
EndProject
Global
	GlobalSection(SolutionConfigurationPlatforms) = preSolution
		Debug|Any CPU = Debug|Any CPU
		Release|Any CPU = Release|Any CPU
	EndGlobalSection
	GlobalSection(ProjectConfigurationPlatforms) = postSolution
		{477A97E5-E4E3-4B8D-8006-B76EF54B1336}.Debug|Any CPU.ActiveCfg = Debug|Any CPU
		{477A97E5-E4E3-4B8D-8006-B76EF54B1336}.Debug|Any CPU.Build.0 = Debug|Any CPU
		{477A97E5-E4E3-4B8D-8006-B76EF54B1336}.Release|Any CPU.ActiveCfg = Release|Any CPU
		{477A97E5-E4E3-4B8D-8006-B76EF54B1336}.Release|Any CPU.Build.0 = Release|Any CPU
	EndGlobalSection
	GlobalSection(SolutionProperties) = preSolution
		HideSolutionNode = FALSE
	EndGlobalSection
	GlobalSection(ExtensibilityGlobals) = postSolution
		SolutionGuid = {102A6E87-D7ED-438D-8BA3-1FAA64CDF1F0}
	EndGlobalSection
EndGlobal
